
Microsoft Visual Studio Solution File, Format Version 12.00
# Visual Studio Version 17
VisualStudioVersion = 17.13.35931.197 d17.13
MinimumVisualStudioVersion = 10.0.40219.1
Project("{2150E333-8FDC-42A3-9474-1A3956D46DE8}") = "Solution Items", "Solution Items", "{8EC462FD-D22E-90A8-E5CE-7E832BA40C5D}"
	ProjectSection(SolutionItems) = preProject
		ServiceUrls.txt = ServiceUrls.txt
	EndProjectSection
EndProject
Project("{2150E333-8FDC-42A3-9474-1A3956D46DE8}") = "src", "src", "{02EA681E-C7D8-13C7-8484-4AC65E1B71E8}"
EndProject
Project("{2150E333-8FDC-42A3-9474-1A3956D46DE8}") = "ApiGateways", "ApiGateways", "{09255E1B-8C02-4B19-8417-233841B6DBE3}"
EndProject
Project("{2150E333-8FDC-42A3-9474-1A3956D46DE8}") = "BuildingBlocks", "BuildingBlocks", "{E7FA3DEB-5FAD-45DA-92C9-5B9724ADEAA4}"
EndProject
Project("{2150E333-8FDC-42A3-9474-1A3956D46DE8}") = "Services", "Services", "{D269A0E8-CCC8-45BD-B542-C14736806744}"
EndProject
Project("{2150E333-8FDC-42A3-9474-1A3956D46DE8}") = "Clients", "Clients", "{63194575-3CDC-4B5C-9ACE-D38E4BA95D15}"
EndProject
Project("{2150E333-8FDC-42A3-9474-1A3956D46DE8}") = "WebApiGateway", "WebApiGateway", "{FEE3CEAF-3D9A-4A40-A701-BF0316B2B0C1}"
EndProject
Project("{FAE04EC0-301F-11D3-BF4B-00C04F79EFBC}") = "Web.ApiGateway", "src\ApiGateways\WebApiGateway\Web.ApiGateway\Web.ApiGateway.csproj", "{06AEEBAD-A2BE-4384-9BBF-D6F7FDCABC29}"
EndProject
Project("{2150E333-8FDC-42A3-9474-1A3956D46DE8}") = "EventBus", "EventBus", "{5B2CAF8B-A112-4A91-B45A-31568A7821BF}"
EndProject
Project("{FAE04EC0-301F-11D3-BF4B-00C04F79EFBC}") = "EventBus.Base", "src\BuildingBlocks\EventBus\EventBus.Base\EventBus.Base.csproj", "{9A1B0D5E-1FFF-49BD-A147-D6B1C02C28B4}"
EndProject
Project("{FAE04EC0-301F-11D3-BF4B-00C04F79EFBC}") = "EventBus.Factory", "src\BuildingBlocks\EventBus\EventBus.Factory\EventBus.Factory.csproj", "{85201E57-498C-4DB6-A35E-BA02A1A1173C}"
EndProject
Project("{FAE04EC0-301F-11D3-BF4B-00C04F79EFBC}") = "EventBus.AzureServiceBus", "src\BuildingBlocks\EventBus\EventBus.AzureServiceBus\EventBus.AzureServiceBus.csproj", "{F976B839-D671-4EE5-AEF6-3CDC99F5DE67}"
EndProject
Project("{FAE04EC0-301F-11D3-BF4B-00C04F79EFBC}") = "EventBus.RabbitMQ", "src\BuildingBlocks\EventBus\EventBus.RabbitMQ\EventBus.RabbitMQ.csproj", "{A24D05FD-DEC5-412F-8D36-91D55D55FFE9}"
EndProject
Project("{2150E333-8FDC-42A3-9474-1A3956D46DE8}") = "BlazorWebApp", "BlazorWebApp", "{43E1665F-EA64-42E3-8719-7FBB86FAA5EA}"
EndProject
Project("{FAE04EC0-301F-11D3-BF4B-00C04F79EFBC}") = "WebApp", "src\Client\BlazorWebApp\WebApp\WebApp.csproj", "{837284DD-03F1-4E2E-93D5-9ED9AD2F8DA5}"
EndProject
Project("{2150E333-8FDC-42A3-9474-1A3956D46DE8}") = "BasketService", "BasketService", "{2FC33E1E-022C-475F-AAEE-1FEEDF3DB22C}"
EndProject
Project("{FAE04EC0-301F-11D3-BF4B-00C04F79EFBC}") = "BasketService.Api", "src\Services\BasketService\BasketService.Api\BasketService.Api.csproj", "{86452A52-3911-4CF0-A815-5F914229E254}"
EndProject
Project("{FAE04EC0-301F-11D3-BF4B-00C04F79EFBC}") = "CatalogService.Api", "src\Services\CatalogService\CatalogService.Api\CatalogService.Api.csproj", "{81C28C86-A5CD-4E76-9EBF-8E5C9A1C65E4}"
EndProject
Project("{2150E333-8FDC-42A3-9474-1A3956D46DE8}") = "CatalogService", "CatalogService", "{25721289-DD55-4A3D-96EA-35DA2F4E07D5}"
EndProject
Project("{2150E333-8FDC-42A3-9474-1A3956D46DE8}") = "IdentiyService", "IdentiyService", "{47F82CB4-2FF7-46B1-84C9-DE8115175EBD}"
EndProject
Project("{FAE04EC0-301F-11D3-BF4B-00C04F79EFBC}") = "IdentiyService.Api", "src\Services\IdentiyService\IdentiyService.Api\IdentiyService.Api.csproj", "{C5F95748-EBFE-4148-9544-4A29DC17852B}"
EndProject
Project("{2150E333-8FDC-42A3-9474-1A3956D46DE8}") = "NotificationService", "NotificationService", "{E900DC33-6184-4F2B-843C-B0D4A4A866EA}"
EndProject
Project("{FAE04EC0-301F-11D3-BF4B-00C04F79EFBC}") = "NotificationService", "src\Services\NotificationService\NotificationService\NotificationService.csproj", "{194C65E4-C7CF-4911-B03D-4712E88F9589}"
EndProject
Project("{2150E333-8FDC-42A3-9474-1A3956D46DE8}") = "OrderService", "OrderService", "{9C7750EF-7B81-47C4-B01B-09631570D034}"
EndProject
Project("{FAE04EC0-301F-11D3-BF4B-00C04F79EFBC}") = "OrderService.Domain", "src\Services\OrderService\OrderService.Domain\OrderService.Domain.csproj", "{1688823A-6CC9-466B-B8EC-2F173879E576}"
EndProject
Project("{FAE04EC0-301F-11D3-BF4B-00C04F79EFBC}") = "OrderService.Application", "src\Services\OrderService\OrderService.Application\OrderService.Application.csproj", "{60BA47C1-00AB-4FC7-88E2-3D0EE46E7DF9}"
EndProject
Project("{FAE04EC0-301F-11D3-BF4B-00C04F79EFBC}") = "OrderService.Infrastructure", "src\Services\OrderService\OrderService.Infrastructure\OrderService.Infrastructure.csproj", "{6E052E41-4661-4987-AB0B-B7B0065B51C7}"
EndProject
Project("{2150E333-8FDC-42A3-9474-1A3956D46DE8}") = "PaymentService", "PaymentService", "{02A48670-9B60-494F-9546-FAB92B8C8661}"
EndProject
Project("{FAE04EC0-301F-11D3-BF4B-00C04F79EFBC}") = "PaymentService.Api", "src\Services\PaymentService\PaymentService.Api\PaymentService.Api.csproj", "{E0920C92-E4BE-4D2B-A5AD-6605176D5CE1}"
EndProject
Project("{FAE04EC0-301F-11D3-BF4B-00C04F79EFBC}") = "OrderService.Api", "src\Services\OrderService\OrderService.Api\OrderService.Api.csproj", "{79236622-F020-4C63-95D8-1F34A7EE1373}"
EndProject
Global
	GlobalSection(SolutionConfigurationPlatforms) = preSolution
		Debug|Any CPU = Debug|Any CPU
		Release|Any CPU = Release|Any CPU
	EndGlobalSection
	GlobalSection(ProjectConfigurationPlatforms) = postSolution
		{06AEEBAD-A2BE-4384-9BBF-D6F7FDCABC29}.Debug|Any CPU.ActiveCfg = Debug|Any CPU
		{06AEEBAD-A2BE-4384-9BBF-D6F7FDCABC29}.Debug|Any CPU.Build.0 = Debug|Any CPU
		{06AEEBAD-A2BE-4384-9BBF-D6F7FDCABC29}.Release|Any CPU.ActiveCfg = Release|Any CPU
		{06AEEBAD-A2BE-4384-9BBF-D6F7FDCABC29}.Release|Any CPU.Build.0 = Release|Any CPU
		{9A1B0D5E-1FFF-49BD-A147-D6B1C02C28B4}.Debug|Any CPU.ActiveCfg = Debug|Any CPU
		{9A1B0D5E-1FFF-49BD-A147-D6B1C02C28B4}.Debug|Any CPU.Build.0 = Debug|Any CPU
		{9A1B0D5E-1FFF-49BD-A147-D6B1C02C28B4}.Release|Any CPU.ActiveCfg = Release|Any CPU
		{9A1B0D5E-1FFF-49BD-A147-D6B1C02C28B4}.Release|Any CPU.Build.0 = Release|Any CPU
		{85201E57-498C-4DB6-A35E-BA02A1A1173C}.Debug|Any CPU.ActiveCfg = Debug|Any CPU
		{85201E57-498C-4DB6-A35E-BA02A1A1173C}.Debug|Any CPU.Build.0 = Debug|Any CPU
		{85201E57-498C-4DB6-A35E-BA02A1A1173C}.Release|Any CPU.ActiveCfg = Release|Any CPU
		{85201E57-498C-4DB6-A35E-BA02A1A1173C}.Release|Any CPU.Build.0 = Release|Any CPU
		{F976B839-D671-4EE5-AEF6-3CDC99F5DE67}.Debug|Any CPU.ActiveCfg = Debug|Any CPU
		{F976B839-D671-4EE5-AEF6-3CDC99F5DE67}.Debug|Any CPU.Build.0 = Debug|Any CPU
		{F976B839-D671-4EE5-AEF6-3CDC99F5DE67}.Release|Any CPU.ActiveCfg = Release|Any CPU
		{F976B839-D671-4EE5-AEF6-3CDC99F5DE67}.Release|Any CPU.Build.0 = Release|Any CPU
		{A24D05FD-DEC5-412F-8D36-91D55D55FFE9}.Debug|Any CPU.ActiveCfg = Debug|Any CPU
		{A24D05FD-DEC5-412F-8D36-91D55D55FFE9}.Debug|Any CPU.Build.0 = Debug|Any CPU
		{A24D05FD-DEC5-412F-8D36-91D55D55FFE9}.Release|Any CPU.ActiveCfg = Release|Any CPU
		{A24D05FD-DEC5-412F-8D36-91D55D55FFE9}.Release|Any CPU.Build.0 = Release|Any CPU
		{837284DD-03F1-4E2E-93D5-9ED9AD2F8DA5}.Debug|Any CPU.ActiveCfg = Debug|Any CPU
		{837284DD-03F1-4E2E-93D5-9ED9AD2F8DA5}.Debug|Any CPU.Build.0 = Debug|Any CPU
		{837284DD-03F1-4E2E-93D5-9ED9AD2F8DA5}.Release|Any CPU.ActiveCfg = Release|Any CPU
		{837284DD-03F1-4E2E-93D5-9ED9AD2F8DA5}.Release|Any CPU.Build.0 = Release|Any CPU
		{86452A52-3911-4CF0-A815-5F914229E254}.Debug|Any CPU.ActiveCfg = Debug|Any CPU
		{86452A52-3911-4CF0-A815-5F914229E254}.Debug|Any CPU.Build.0 = Debug|Any CPU
		{86452A52-3911-4CF0-A815-5F914229E254}.Release|Any CPU.ActiveCfg = Release|Any CPU
		{86452A52-3911-4CF0-A815-5F914229E254}.Release|Any CPU.Build.0 = Release|Any CPU
		{81C28C86-A5CD-4E76-9EBF-8E5C9A1C65E4}.Debug|Any CPU.ActiveCfg = Debug|Any CPU
		{81C28C86-A5CD-4E76-9EBF-8E5C9A1C65E4}.Debug|Any CPU.Build.0 = Debug|Any CPU
		{81C28C86-A5CD-4E76-9EBF-8E5C9A1C65E4}.Release|Any CPU.ActiveCfg = Release|Any CPU
		{81C28C86-A5CD-4E76-9EBF-8E5C9A1C65E4}.Release|Any CPU.Build.0 = Release|Any CPU
		{C5F95748-EBFE-4148-9544-4A29DC17852B}.Debug|Any CPU.ActiveCfg = Debug|Any CPU
		{C5F95748-EBFE-4148-9544-4A29DC17852B}.Debug|Any CPU.Build.0 = Debug|Any CPU
		{C5F95748-EBFE-4148-9544-4A29DC17852B}.Release|Any CPU.ActiveCfg = Release|Any CPU
		{C5F95748-EBFE-4148-9544-4A29DC17852B}.Release|Any CPU.Build.0 = Release|Any CPU
		{194C65E4-C7CF-4911-B03D-4712E88F9589}.Debug|Any CPU.ActiveCfg = Debug|Any CPU
		{194C65E4-C7CF-4911-B03D-4712E88F9589}.Debug|Any CPU.Build.0 = Debug|Any CPU
		{194C65E4-C7CF-4911-B03D-4712E88F9589}.Release|Any CPU.ActiveCfg = Release|Any CPU
		{194C65E4-C7CF-4911-B03D-4712E88F9589}.Release|Any CPU.Build.0 = Release|Any CPU
		{1688823A-6CC9-466B-B8EC-2F173879E576}.Debug|Any CPU.ActiveCfg = Debug|Any CPU
		{1688823A-6CC9-466B-B8EC-2F173879E576}.Debug|Any CPU.Build.0 = Debug|Any CPU
		{1688823A-6CC9-466B-B8EC-2F173879E576}.Release|Any CPU.ActiveCfg = Release|Any CPU
		{1688823A-6CC9-466B-B8EC-2F173879E576}.Release|Any CPU.Build.0 = Release|Any CPU
		{60BA47C1-00AB-4FC7-88E2-3D0EE46E7DF9}.Debug|Any CPU.ActiveCfg = Debug|Any CPU
		{60BA47C1-00AB-4FC7-88E2-3D0EE46E7DF9}.Debug|Any CPU.Build.0 = Debug|Any CPU
		{60BA47C1-00AB-4FC7-88E2-3D0EE46E7DF9}.Release|Any CPU.ActiveCfg = Release|Any CPU
		{60BA47C1-00AB-4FC7-88E2-3D0EE46E7DF9}.Release|Any CPU.Build.0 = Release|Any CPU
		{6E052E41-4661-4987-AB0B-B7B0065B51C7}.Debug|Any CPU.ActiveCfg = Debug|Any CPU
		{6E052E41-4661-4987-AB0B-B7B0065B51C7}.Debug|Any CPU.Build.0 = Debug|Any CPU
		{6E052E41-4661-4987-AB0B-B7B0065B51C7}.Release|Any CPU.ActiveCfg = Release|Any CPU
		{6E052E41-4661-4987-AB0B-B7B0065B51C7}.Release|Any CPU.Build.0 = Release|Any CPU
		{E0920C92-E4BE-4D2B-A5AD-6605176D5CE1}.Debug|Any CPU.ActiveCfg = Debug|Any CPU
		{E0920C92-E4BE-4D2B-A5AD-6605176D5CE1}.Debug|Any CPU.Build.0 = Debug|Any CPU
		{E0920C92-E4BE-4D2B-A5AD-6605176D5CE1}.Release|Any CPU.ActiveCfg = Release|Any CPU
		{E0920C92-E4BE-4D2B-A5AD-6605176D5CE1}.Release|Any CPU.Build.0 = Release|Any CPU
		{79236622-F020-4C63-95D8-1F34A7EE1373}.Debug|Any CPU.ActiveCfg = Debug|Any CPU
		{79236622-F020-4C63-95D8-1F34A7EE1373}.Debug|Any CPU.Build.0 = Debug|Any CPU
		{79236622-F020-4C63-95D8-1F34A7EE1373}.Release|Any CPU.ActiveCfg = Release|Any CPU
		{79236622-F020-4C63-95D8-1F34A7EE1373}.Release|Any CPU.Build.0 = Release|Any CPU
	EndGlobalSection
	GlobalSection(SolutionProperties) = preSolution
		HideSolutionNode = FALSE
	EndGlobalSection
	GlobalSection(NestedProjects) = preSolution
		{09255E1B-8C02-4B19-8417-233841B6DBE3} = {02EA681E-C7D8-13C7-8484-4AC65E1B71E8}
		{E7FA3DEB-5FAD-45DA-92C9-5B9724ADEAA4} = {02EA681E-C7D8-13C7-8484-4AC65E1B71E8}
		{D269A0E8-CCC8-45BD-B542-C14736806744} = {02EA681E-C7D8-13C7-8484-4AC65E1B71E8}
		{63194575-3CDC-4B5C-9ACE-D38E4BA95D15} = {02EA681E-C7D8-13C7-8484-4AC65E1B71E8}
		{FEE3CEAF-3D9A-4A40-A701-BF0316B2B0C1} = {09255E1B-8C02-4B19-8417-233841B6DBE3}
		{06AEEBAD-A2BE-4384-9BBF-D6F7FDCABC29} = {FEE3CEAF-3D9A-4A40-A701-BF0316B2B0C1}
		{5B2CAF8B-A112-4A91-B45A-31568A7821BF} = {E7FA3DEB-5FAD-45DA-92C9-5B9724ADEAA4}
		{9A1B0D5E-1FFF-49BD-A147-D6B1C02C28B4} = {5B2CAF8B-A112-4A91-B45A-31568A7821BF}
		{85201E57-498C-4DB6-A35E-BA02A1A1173C} = {5B2CAF8B-A112-4A91-B45A-31568A7821BF}
		{F976B839-D671-4EE5-AEF6-3CDC99F5DE67} = {5B2CAF8B-A112-4A91-B45A-31568A7821BF}
		{A24D05FD-DEC5-412F-8D36-91D55D55FFE9} = {5B2CAF8B-A112-4A91-B45A-31568A7821BF}
		{43E1665F-EA64-42E3-8719-7FBB86FAA5EA} = {63194575-3CDC-4B5C-9ACE-D38E4BA95D15}
		{837284DD-03F1-4E2E-93D5-9ED9AD2F8DA5} = {43E1665F-EA64-42E3-8719-7FBB86FAA5EA}
		{2FC33E1E-022C-475F-AAEE-1FEEDF3DB22C} = {D269A0E8-CCC8-45BD-B542-C14736806744}
		{86452A52-3911-4CF0-A815-5F914229E254} = {2FC33E1E-022C-475F-AAEE-1FEEDF3DB22C}
		{81C28C86-A5CD-4E76-9EBF-8E5C9A1C65E4} = {25721289-DD55-4A3D-96EA-35DA2F4E07D5}
		{25721289-DD55-4A3D-96EA-35DA2F4E07D5} = {D269A0E8-CCC8-45BD-B542-C14736806744}
		{47F82CB4-2FF7-46B1-84C9-DE8115175EBD} = {D269A0E8-CCC8-45BD-B542-C14736806744}
		{C5F95748-EBFE-4148-9544-4A29DC17852B} = {47F82CB4-2FF7-46B1-84C9-DE8115175EBD}
		{E900DC33-6184-4F2B-843C-B0D4A4A866EA} = {D269A0E8-CCC8-45BD-B542-C14736806744}
		{194C65E4-C7CF-4911-B03D-4712E88F9589} = {E900DC33-6184-4F2B-843C-B0D4A4A866EA}
		{9C7750EF-7B81-47C4-B01B-09631570D034} = {D269A0E8-CCC8-45BD-B542-C14736806744}
		{1688823A-6CC9-466B-B8EC-2F173879E576} = {9C7750EF-7B81-47C4-B01B-09631570D034}
		{60BA47C1-00AB-4FC7-88E2-3D0EE46E7DF9} = {9C7750EF-7B81-47C4-B01B-09631570D034}
		{6E052E41-4661-4987-AB0B-B7B0065B51C7} = {9C7750EF-7B81-47C4-B01B-09631570D034}
		{02A48670-9B60-494F-9546-FAB92B8C8661} = {D269A0E8-CCC8-45BD-B542-C14736806744}
		{E0920C92-E4BE-4D2B-A5AD-6605176D5CE1} = {02A48670-9B60-494F-9546-FAB92B8C8661}
		{79236622-F020-4C63-95D8-1F34A7EE1373} = {9C7750EF-7B81-47C4-B01B-09631570D034}
	EndGlobalSection
	GlobalSection(ExtensibilityGlobals) = postSolution
		SolutionGuid = {863BF2C8-002B-4663-B930-98A14B740E2B}
	EndGlobalSection
EndGlobal
